// !$*UTF8*$!
{
	archiveVersion = 1;
	classes = {
	};
	objectVersion = 46;
	objects = {

/* Begin PBXBuildFile section */
		4712DD0E65D2723D604DEA14 /* libPods-Follow.a in Frameworks */ = {isa = PBXBuildFile; fileRef = 23B7DF0A6C6FF4EC1073A652 /* libPods-Follow.a */; };
		8B58E65F1EF2404E003557CB /* RLManager.m in Sources */ = {isa = PBXBuildFile; fileRef = 8B58E65E1EF2404E003557CB /* RLManager.m */; };
		8B58E6631EF24791003557CB /* ic_pause.png in Resources */ = {isa = PBXBuildFile; fileRef = 8B58E6601EF24791003557CB /* ic_pause.png */; };
		8B58E6641EF24792003557CB /* ic_play.png in Resources */ = {isa = PBXBuildFile; fileRef = 8B58E6611EF24791003557CB /* ic_play.png */; };
		8B58E6651EF24792003557CB /* ic_stop.png in Resources */ = {isa = PBXBuildFile; fileRef = 8B58E6621EF24791003557CB /* ic_stop.png */; };
		8B630FC51EF2527800BB9358 /* RLProfileController.m in Sources */ = {isa = PBXBuildFile; fileRef = 8B630FC31EF2527800BB9358 /* RLProfileController.m */; };
		8B630FC61EF2527800BB9358 /* RLProfileController.xib in Resources */ = {isa = PBXBuildFile; fileRef = 8B630FC41EF2527800BB9358 /* RLProfileController.xib */; };
		8B630FCB1EF2529200BB9358 /* RLRoutesController.m in Sources */ = {isa = PBXBuildFile; fileRef = 8B630FC91EF2529200BB9358 /* RLRoutesController.m */; };
		8B630FCC1EF2529200BB9358 /* RLRoutesController.xib in Resources */ = {isa = PBXBuildFile; fileRef = 8B630FCA1EF2529200BB9358 /* RLRoutesController.xib */; };
		8B630FD01EF2D64B00BB9358 /* profile_ic.png in Resources */ = {isa = PBXBuildFile; fileRef = 8B630FCD1EF2D64B00BB9358 /* profile_ic.png */; };
		8B630FD11EF2D64B00BB9358 /* routes_ic.png in Resources */ = {isa = PBXBuildFile; fileRef = 8B630FCE1EF2D64B00BB9358 /* routes_ic.png */; };
		8B630FD21EF2D64B00BB9358 /* map_ic.png in Resources */ = {isa = PBXBuildFile; fileRef = 8B630FCF1EF2D64B00BB9358 /* map_ic.png */; };
		8BEA04841EEE49B3006E81CF /* main.m in Sources */ = {isa = PBXBuildFile; fileRef = 8BEA04831EEE49B3006E81CF /* main.m */; };
		8BEA04871EEE49B3006E81CF /* AppDelegate.m in Sources */ = {isa = PBXBuildFile; fileRef = 8BEA04861EEE49B3006E81CF /* AppDelegate.m */; };
		8BEA04891EEE49B3006E81CF /* Assets.xcassets in Resources */ = {isa = PBXBuildFile; fileRef = 8BEA04881EEE49B3006E81CF /* Assets.xcassets */; };
		8BEA048C1EEE49B3006E81CF /* LaunchScreen.storyboard in Resources */ = {isa = PBXBuildFile; fileRef = 8BEA048A1EEE49B3006E81CF /* LaunchScreen.storyboard */; };
		8BEA049B1EEE4CF1006E81CF /* RLMapController.m in Sources */ = {isa = PBXBuildFile; fileRef = 8BEA04991EEE4CF1006E81CF /* RLMapController.m */; };
		8BEA049C1EEE4CF1006E81CF /* RLMapController.xib in Resources */ = {isa = PBXBuildFile; fileRef = 8BEA049A1EEE4CF1006E81CF /* RLMapController.xib */; };
		8BEA049E1EEE4DB1006E81CF /* MapKit.framework in Frameworks */ = {isa = PBXBuildFile; fileRef = 8BEA049D1EEE4DB1006E81CF /* MapKit.framework */; };
		8BEA04A01EEE4DB6006E81CF /* CoreLocation.framework in Frameworks */ = {isa = PBXBuildFile; fileRef = 8BEA049F1EEE4DB6006E81CF /* CoreLocation.framework */; };
		8BEA04A41EEE4F28006E81CF /* RLLocation.m in Sources */ = {isa = PBXBuildFile; fileRef = 8BEA04A31EEE4F28006E81CF /* RLLocation.m */; };
/* End PBXBuildFile section */

/* Begin PBXFileReference section */
		23B7DF0A6C6FF4EC1073A652 /* libPods-Follow.a */ = {isa = PBXFileReference; explicitFileType = archive.ar; includeInIndex = 0; path = "libPods-Follow.a"; sourceTree = BUILT_PRODUCTS_DIR; };
		385BD321930BE8DB64968252 /* Pods-Follow.debug.xcconfig */ = {isa = PBXFileReference; includeInIndex = 1; lastKnownFileType = text.xcconfig; name = "Pods-Follow.debug.xcconfig"; path = "Pods/Target Support Files/Pods-Follow/Pods-Follow.debug.xcconfig"; sourceTree = "<group>"; };
		8B58E65D1EF2404E003557CB /* RLManager.h */ = {isa = PBXFileReference; fileEncoding = 4; lastKnownFileType = sourcecode.c.h; path = RLManager.h; sourceTree = "<group>"; };
		8B58E65E1EF2404E003557CB /* RLManager.m */ = {isa = PBXFileReference; fileEncoding = 4; lastKnownFileType = sourcecode.c.objc; path = RLManager.m; sourceTree = "<group>"; };
		8B58E6601EF24791003557CB /* ic_pause.png */ = {isa = PBXFileReference; lastKnownFileType = image.png; path = ic_pause.png; sourceTree = "<group>"; };
		8B58E6611EF24791003557CB /* ic_play.png */ = {isa = PBXFileReference; lastKnownFileType = image.png; path = ic_play.png; sourceTree = "<group>"; };
		8B58E6621EF24791003557CB /* ic_stop.png */ = {isa = PBXFileReference; lastKnownFileType = image.png; path = ic_stop.png; sourceTree = "<group>"; };
		8B630FC21EF2527800BB9358 /* RLProfileController.h */ = {isa = PBXFileReference; fileEncoding = 4; lastKnownFileType = sourcecode.c.h; path = RLProfileController.h; sourceTree = "<group>"; };
		8B630FC31EF2527800BB9358 /* RLProfileController.m */ = {isa = PBXFileReference; fileEncoding = 4; lastKnownFileType = sourcecode.c.objc; path = RLProfileController.m; sourceTree = "<group>"; };
		8B630FC41EF2527800BB9358 /* RLProfileController.xib */ = {isa = PBXFileReference; fileEncoding = 4; lastKnownFileType = file.xib; path = RLProfileController.xib; sourceTree = "<group>"; };
		8B630FC81EF2529200BB9358 /* RLRoutesController.h */ = {isa = PBXFileReference; fileEncoding = 4; lastKnownFileType = sourcecode.c.h; path = RLRoutesController.h; sourceTree = "<group>"; };
		8B630FC91EF2529200BB9358 /* RLRoutesController.m */ = {isa = PBXFileReference; fileEncoding = 4; lastKnownFileType = sourcecode.c.objc; path = RLRoutesController.m; sourceTree = "<group>"; };
		8B630FCA1EF2529200BB9358 /* RLRoutesController.xib */ = {isa = PBXFileReference; fileEncoding = 4; lastKnownFileType = file.xib; path = RLRoutesController.xib; sourceTree = "<group>"; };
		8B630FCD1EF2D64B00BB9358 /* profile_ic.png */ = {isa = PBXFileReference; lastKnownFileType = image.png; path = profile_ic.png; sourceTree = "<group>"; };
		8B630FCE1EF2D64B00BB9358 /* routes_ic.png */ = {isa = PBXFileReference; lastKnownFileType = image.png; path = routes_ic.png; sourceTree = "<group>"; };
		8B630FCF1EF2D64B00BB9358 /* map_ic.png */ = {isa = PBXFileReference; lastKnownFileType = image.png; path = map_ic.png; sourceTree = "<group>"; };
		8BEA047F1EEE49B3006E81CF /* Follow.app */ = {isa = PBXFileReference; explicitFileType = wrapper.application; includeInIndex = 0; path = Follow.app; sourceTree = BUILT_PRODUCTS_DIR; };
		8BEA04831EEE49B3006E81CF /* main.m */ = {isa = PBXFileReference; lastKnownFileType = sourcecode.c.objc; path = main.m; sourceTree = "<group>"; };
		8BEA04851EEE49B3006E81CF /* AppDelegate.h */ = {isa = PBXFileReference; lastKnownFileType = sourcecode.c.h; path = AppDelegate.h; sourceTree = "<group>"; };
		8BEA04861EEE49B3006E81CF /* AppDelegate.m */ = {isa = PBXFileReference; lastKnownFileType = sourcecode.c.objc; path = AppDelegate.m; sourceTree = "<group>"; };
		8BEA04881EEE49B3006E81CF /* Assets.xcassets */ = {isa = PBXFileReference; lastKnownFileType = folder.assetcatalog; path = Assets.xcassets; sourceTree = "<group>"; };
		8BEA048B1EEE49B3006E81CF /* Base */ = {isa = PBXFileReference; lastKnownFileType = file.storyboard; name = Base; path = Base.lproj/LaunchScreen.storyboard; sourceTree = "<group>"; };
		8BEA048D1EEE49B3006E81CF /* Info.plist */ = {isa = PBXFileReference; lastKnownFileType = text.plist.xml; path = Info.plist; sourceTree = "<group>"; };
		8BEA04981EEE4CF1006E81CF /* RLMapController.h */ = {isa = PBXFileReference; fileEncoding = 4; lastKnownFileType = sourcecode.c.h; path = RLMapController.h; sourceTree = "<group>"; };
		8BEA04991EEE4CF1006E81CF /* RLMapController.m */ = {isa = PBXFileReference; fileEncoding = 4; lastKnownFileType = sourcecode.c.objc; path = RLMapController.m; sourceTree = "<group>"; };
		8BEA049A1EEE4CF1006E81CF /* RLMapController.xib */ = {isa = PBXFileReference; fileEncoding = 4; lastKnownFileType = file.xib; path = RLMapController.xib; sourceTree = "<group>"; };
		8BEA049D1EEE4DB1006E81CF /* MapKit.framework */ = {isa = PBXFileReference; lastKnownFileType = wrapper.framework; name = MapKit.framework; path = System/Library/Frameworks/MapKit.framework; sourceTree = SDKROOT; };
		8BEA049F1EEE4DB6006E81CF /* CoreLocation.framework */ = {isa = PBXFileReference; lastKnownFileType = wrapper.framework; name = CoreLocation.framework; path = System/Library/Frameworks/CoreLocation.framework; sourceTree = SDKROOT; };
		8BEA04A21EEE4F28006E81CF /* RLLocation.h */ = {isa = PBXFileReference; fileEncoding = 4; lastKnownFileType = sourcecode.c.h; path = RLLocation.h; sourceTree = "<group>"; };
		8BEA04A31EEE4F28006E81CF /* RLLocation.m */ = {isa = PBXFileReference; fileEncoding = 4; lastKnownFileType = sourcecode.c.objc; path = RLLocation.m; sourceTree = "<group>"; };
		BDEFC4836C805987A574B250 /* Pods-Follow.release.xcconfig */ = {isa = PBXFileReference; includeInIndex = 1; lastKnownFileType = text.xcconfig; name = "Pods-Follow.release.xcconfig"; path = "Pods/Target Support Files/Pods-Follow/Pods-Follow.release.xcconfig"; sourceTree = "<group>"; };
/* End PBXFileReference section */

/* Begin PBXFrameworksBuildPhase section */
		8BEA047C1EEE49B3006E81CF /* Frameworks */ = {
			isa = PBXFrameworksBuildPhase;
			buildActionMask = 2147483647;
			files = (
				8BEA04A01EEE4DB6006E81CF /* CoreLocation.framework in Frameworks */,
				8BEA049E1EEE4DB1006E81CF /* MapKit.framework in Frameworks */,
				4712DD0E65D2723D604DEA14 /* libPods-Follow.a in Frameworks */,
			);
			runOnlyForDeploymentPostprocessing = 0;
		};
/* End PBXFrameworksBuildPhase section */

/* Begin PBXGroup section */
		8B58E65B1EF24030003557CB /* RLLocation */ = {
			isa = PBXGroup;
			children = (
				8BEA04A21EEE4F28006E81CF /* RLLocation.h */,
				8BEA04A31EEE4F28006E81CF /* RLLocation.m */,
			);
			name = RLLocation;
			sourceTree = "<group>";
		};
		8B58E65C1EF2403A003557CB /* RLManager */ = {
			isa = PBXGroup;
			children = (
				8B58E65D1EF2404E003557CB /* RLManager.h */,
				8B58E65E1EF2404E003557CB /* RLManager.m */,
			);
			name = RLManager;
			sourceTree = "<group>";
		};
		8B630FC11EF2526300BB9358 /* RLProfile */ = {
			isa = PBXGroup;
			children = (
				8B630FC21EF2527800BB9358 /* RLProfileController.h */,
				8B630FC31EF2527800BB9358 /* RLProfileController.m */,
				8B630FC41EF2527800BB9358 /* RLProfileController.xib */,
			);
			name = RLProfile;
			sourceTree = "<group>";
		};
		8B630FC71EF2527E00BB9358 /* RLRoutes */ = {
			isa = PBXGroup;
			children = (
				8B630FC81EF2529200BB9358 /* RLRoutesController.h */,
				8B630FC91EF2529200BB9358 /* RLRoutesController.m */,
				8B630FCA1EF2529200BB9358 /* RLRoutesController.xib */,
			);
			name = RLRoutes;
			sourceTree = "<group>";
		};
		8BEA04761EEE49B3006E81CF = {
			isa = PBXGroup;
			children = (
				8BEA04811EEE49B3006E81CF /* Follow */,
				8BEA04801EEE49B3006E81CF /* Products */,
				922D464BBDD44165F262B010 /* Pods */,
				CE0D82C69CEB166C3FFB0C19 /* Frameworks */,
			);
			sourceTree = "<group>";
		};
		8BEA04801EEE49B3006E81CF /* Products */ = {
			isa = PBXGroup;
			children = (
				8BEA047F1EEE49B3006E81CF /* Follow.app */,
			);
			name = Products;
			sourceTree = "<group>";
		};
		8BEA04811EEE49B3006E81CF /* Follow */ = {
			isa = PBXGroup;
			children = (
				8BEA04961EEE4CD3006E81CF /* ViewControllers */,
				8BEA04951EEE4CC8006E81CF /* Resources-Outside */,
				8BEA04941EEE4CC0006E81CF /* AppDelegate */,
				8BEA04881EEE49B3006E81CF /* Assets.xcassets */,
				8BEA048A1EEE49B3006E81CF /* LaunchScreen.storyboard */,
				8BEA048D1EEE49B3006E81CF /* Info.plist */,
				8BEA04821EEE49B3006E81CF /* Supporting Files */,
			);
			path = Follow;
			sourceTree = "<group>";
		};
		8BEA04821EEE49B3006E81CF /* Supporting Files */ = {
			isa = PBXGroup;
			children = (
				8BEA04831EEE49B3006E81CF /* main.m */,
			);
			name = "Supporting Files";
			sourceTree = "<group>";
		};
		8BEA04941EEE4CC0006E81CF /* AppDelegate */ = {
			isa = PBXGroup;
			children = (
				8BEA04851EEE49B3006E81CF /* AppDelegate.h */,
				8BEA04861EEE49B3006E81CF /* AppDelegate.m */,
			);
			name = AppDelegate;
			sourceTree = "<group>";
		};
		8BEA04951EEE4CC8006E81CF /* Resources-Outside */ = {
			isa = PBXGroup;
			children = (
				8B630FCD1EF2D64B00BB9358 /* profile_ic.png */,
				8B630FCE1EF2D64B00BB9358 /* routes_ic.png */,
				8B630FCF1EF2D64B00BB9358 /* map_ic.png */,
				8B58E6601EF24791003557CB /* ic_pause.png */,
				8B58E6611EF24791003557CB /* ic_play.png */,
				8B58E6621EF24791003557CB /* ic_stop.png */,
			);
			name = "Resources-Outside";
			sourceTree = "<group>";
		};
		8BEA04961EEE4CD3006E81CF /* ViewControllers */ = {
			isa = PBXGroup;
			children = (
				8B630FC71EF2527E00BB9358 /* RLRoutes */,
				8BEA04971EEE4CDC006E81CF /* RLMap */,
				8B630FC11EF2526300BB9358 /* RLProfile */,
				8BEA04A11EEE4EE1006E81CF /* RLHelper */,
			);
			name = ViewControllers;
			sourceTree = "<group>";
		};
		8BEA04971EEE4CDC006E81CF /* RLMap */ = {
			isa = PBXGroup;
			children = (
				8BEA04981EEE4CF1006E81CF /* RLMapController.h */,
				8BEA04991EEE4CF1006E81CF /* RLMapController.m */,
				8BEA049A1EEE4CF1006E81CF /* RLMapController.xib */,
			);
			name = RLMap;
			sourceTree = "<group>";
		};
		8BEA04A11EEE4EE1006E81CF /* RLHelper */ = {
			isa = PBXGroup;
			children = (
				8B58E65C1EF2403A003557CB /* RLManager */,
				8B58E65B1EF24030003557CB /* RLLocation */,
			);
			name = RLHelper;
			sourceTree = "<group>";
		};
		922D464BBDD44165F262B010 /* Pods */ = {
			isa = PBXGroup;
			children = (
				385BD321930BE8DB64968252 /* Pods-Follow.debug.xcconfig */,
				BDEFC4836C805987A574B250 /* Pods-Follow.release.xcconfig */,
			);
			name = Pods;
			sourceTree = "<group>";
		};
		CE0D82C69CEB166C3FFB0C19 /* Frameworks */ = {
			isa = PBXGroup;
			children = (
				8BEA049F1EEE4DB6006E81CF /* CoreLocation.framework */,
				8BEA049D1EEE4DB1006E81CF /* MapKit.framework */,
				23B7DF0A6C6FF4EC1073A652 /* libPods-Follow.a */,
			);
			name = Frameworks;
			sourceTree = "<group>";
		};
/* End PBXGroup section */

/* Begin PBXNativeTarget section */
		8BEA047E1EEE49B3006E81CF /* Follow */ = {
			isa = PBXNativeTarget;
			buildConfigurationList = 8BEA04901EEE49B3006E81CF /* Build configuration list for PBXNativeTarget "Follow" */;
			buildPhases = (
				731CC531AF3281C3980D9060 /* [CP] Check Pods Manifest.lock */,
				8BEA047B1EEE49B3006E81CF /* Sources */,
				8BEA047C1EEE49B3006E81CF /* Frameworks */,
				8BEA047D1EEE49B3006E81CF /* Resources */,
				AA408DF952FF8BD4E6F3A77F /* [CP] Embed Pods Frameworks */,
				50DC01D79E540DFC41D05025 /* [CP] Copy Pods Resources */,
			);
			buildRules = (
			);
			dependencies = (
			);
			name = Follow;
			productName = Follow;
			productReference = 8BEA047F1EEE49B3006E81CF /* Follow.app */;
			productType = "com.apple.product-type.application";
		};
/* End PBXNativeTarget section */

/* Begin PBXProject section */
		8BEA04771EEE49B3006E81CF /* Project object */ = {
			isa = PBXProject;
			attributes = {
				LastUpgradeCheck = 0830;
				ORGANIZATIONNAME = Rflpz;
				TargetAttributes = {
					8BEA047E1EEE49B3006E81CF = {
						CreatedOnToolsVersion = 8.3.3;
						DevelopmentTeam = 5F546K9NYZ;
						ProvisioningStyle = Automatic;
					};
				};
			};
			buildConfigurationList = 8BEA047A1EEE49B3006E81CF /* Build configuration list for PBXProject "Follow" */;
			compatibilityVersion = "Xcode 3.2";
			developmentRegion = English;
			hasScannedForEncodings = 0;
			knownRegions = (
				en,
				Base,
			);
			mainGroup = 8BEA04761EEE49B3006E81CF;
			productRefGroup = 8BEA04801EEE49B3006E81CF /* Products */;
			projectDirPath = "";
			projectRoot = "";
			targets = (
				8BEA047E1EEE49B3006E81CF /* Follow */,
			);
		};
/* End PBXProject section */

/* Begin PBXResourcesBuildPhase section */
		8BEA047D1EEE49B3006E81CF /* Resources */ = {
			isa = PBXResourcesBuildPhase;
			buildActionMask = 2147483647;
			files = (
				8B58E6631EF24791003557CB /* ic_pause.png in Resources */,
				8B630FC61EF2527800BB9358 /* RLProfileController.xib in Resources */,
				8B630FD21EF2D64B00BB9358 /* map_ic.png in Resources */,
				8B58E6651EF24792003557CB /* ic_stop.png in Resources */,
				8B630FD01EF2D64B00BB9358 /* profile_ic.png in Resources */,
				8B630FCC1EF2529200BB9358 /* RLRoutesController.xib in Resources */,
				8B630FD11EF2D64B00BB9358 /* routes_ic.png in Resources */,
				8BEA04891EEE49B3006E81CF /* Assets.xcassets in Resources */,
				8BEA049C1EEE4CF1006E81CF /* RLMapController.xib in Resources */,
				8BEA048C1EEE49B3006E81CF /* LaunchScreen.storyboard in Resources */,
				8B58E6641EF24792003557CB /* ic_play.png in Resources */,
			);
			runOnlyForDeploymentPostprocessing = 0;
		};
/* End PBXResourcesBuildPhase section */

/* Begin PBXShellScriptBuildPhase section */
		50DC01D79E540DFC41D05025 /* [CP] Copy Pods Resources */ = {
			isa = PBXShellScriptBuildPhase;
			buildActionMask = 2147483647;
			files = (
			);
			inputPaths = (
			);
			name = "[CP] Copy Pods Resources";
			outputPaths = (
			);
			runOnlyForDeploymentPostprocessing = 0;
			shellPath = /bin/sh;
			shellScript = "\"${SRCROOT}/Pods/Target Support Files/Pods-Follow/Pods-Follow-resources.sh\"\n";
			showEnvVarsInLog = 0;
		};
		731CC531AF3281C3980D9060 /* [CP] Check Pods Manifest.lock */ = {
			isa = PBXShellScriptBuildPhase;
			buildActionMask = 2147483647;
			files = (
			);
			inputPaths = (
			);
			name = "[CP] Check Pods Manifest.lock";
			outputPaths = (
			);
			runOnlyForDeploymentPostprocessing = 0;
			shellPath = /bin/sh;
			shellScript = "diff \"${PODS_ROOT}/../Podfile.lock\" \"${PODS_ROOT}/Manifest.lock\" > /dev/null\nif [ $? != 0 ] ; then\n    # print error to STDERR\n    echo \"error: The sandbox is not in sync with the Podfile.lock. Run 'pod install' or update your CocoaPods installation.\" >&2\n    exit 1\nfi\n";
			showEnvVarsInLog = 0;
		};
		AA408DF952FF8BD4E6F3A77F /* [CP] Embed Pods Frameworks */ = {
			isa = PBXShellScriptBuildPhase;
			buildActionMask = 2147483647;
			files = (
			);
			inputPaths = (
			);
			name = "[CP] Embed Pods Frameworks";
			outputPaths = (
			);
			runOnlyForDeploymentPostprocessing = 0;
			shellPath = /bin/sh;
			shellScript = "\"${SRCROOT}/Pods/Target Support Files/Pods-Follow/Pods-Follow-frameworks.sh\"\n";
			showEnvVarsInLog = 0;
		};
/* End PBXShellScriptBuildPhase section */

/* Begin PBXSourcesBuildPhase section */
		8BEA047B1EEE49B3006E81CF /* Sources */ = {
			isa = PBXSourcesBuildPhase;
			buildActionMask = 2147483647;
			files = (
				8B58E65F1EF2404E003557CB /* RLManager.m in Sources */,
				8B630FC51EF2527800BB9358 /* RLProfileController.m in Sources */,
				8BEA04871EEE49B3006E81CF /* AppDelegate.m in Sources */,
				8B630FCB1EF2529200BB9358 /* RLRoutesController.m in Sources */,
				8BEA049B1EEE4CF1006E81CF /* RLMapController.m in Sources */,
				8BEA04A41EEE4F28006E81CF /* RLLocation.m in Sources */,
				8BEA04841EEE49B3006E81CF /* main.m in Sources */,
			);
			runOnlyForDeploymentPostprocessing = 0;
		};
/* End PBXSourcesBuildPhase section */

/* Begin PBXVariantGroup section */
		8BEA048A1EEE49B3006E81CF /* LaunchScreen.storyboard */ = {
			isa = PBXVariantGroup;
			children = (
				8BEA048B1EEE49B3006E81CF /* Base */,
			);
			name = LaunchScreen.storyboard;
			sourceTree = "<group>";
		};
/* End PBXVariantGroup section */

/* Begin XCBuildConfiguration section */
		8BEA048E1EEE49B3006E81CF /* Debug */ = {
			isa = XCBuildConfiguration;
			buildSettings = {
				ALWAYS_SEARCH_USER_PATHS = NO;
				CLANG_ANALYZER_NONNULL = YES;
				CLANG_ANALYZER_NUMBER_OBJECT_CONVERSION = YES_AGGRESSIVE;
				CLANG_CXX_LANGUAGE_STANDARD = "gnu++0x";
				CLANG_CXX_LIBRARY = "libc++";
				CLANG_ENABLE_MODULES = YES;
				CLANG_ENABLE_OBJC_ARC = YES;
				CLANG_WARN_BOOL_CONVERSION = YES;
				CLANG_WARN_CONSTANT_CONVERSION = YES;
				CLANG_WARN_DIRECT_OBJC_ISA_USAGE = YES_ERROR;
				CLANG_WARN_DOCUMENTATION_COMMENTS = YES;
				CLANG_WARN_EMPTY_BODY = YES;
				CLANG_WARN_ENUM_CONVERSION = YES;
				CLANG_WARN_INFINITE_RECURSION = YES;
				CLANG_WARN_INT_CONVERSION = YES;
				CLANG_WARN_OBJC_ROOT_CLASS = YES_ERROR;
				CLANG_WARN_SUSPICIOUS_MOVE = YES;
				CLANG_WARN_UNREACHABLE_CODE = YES;
				CLANG_WARN__DUPLICATE_METHOD_MATCH = YES;
				"CODE_SIGN_IDENTITY[sdk=iphoneos*]" = "iPhone Developer";
				COPY_PHASE_STRIP = NO;
				DEBUG_INFORMATION_FORMAT = dwarf;
				ENABLE_STRICT_OBJC_MSGSEND = YES;
				ENABLE_TESTABILITY = YES;
				GCC_C_LANGUAGE_STANDARD = gnu99;
				GCC_DYNAMIC_NO_PIC = NO;
				GCC_NO_COMMON_BLOCKS = YES;
				GCC_OPTIMIZATION_LEVEL = 0;
				GCC_PREPROCESSOR_DEFINITIONS = (
					"DEBUG=1",
					"$(inherited)",
				);
				GCC_WARN_64_TO_32_BIT_CONVERSION = YES;
				GCC_WARN_ABOUT_RETURN_TYPE = YES_ERROR;
				GCC_WARN_UNDECLARED_SELECTOR = YES;
				GCC_WARN_UNINITIALIZED_AUTOS = YES_AGGRESSIVE;
				GCC_WARN_UNUSED_FUNCTION = YES;
				GCC_WARN_UNUSED_VARIABLE = YES;
				IPHONEOS_DEPLOYMENT_TARGET = 10.3;
				MTL_ENABLE_DEBUG_INFO = YES;
				ONLY_ACTIVE_ARCH = YES;
				SDKROOT = iphoneos;
			};
			name = Debug;
		};
		8BEA048F1EEE49B3006E81CF /* Release */ = {
			isa = XCBuildConfiguration;
			buildSettings = {
				ALWAYS_SEARCH_USER_PATHS = NO;
				CLANG_ANALYZER_NONNULL = YES;
				CLANG_ANALYZER_NUMBER_OBJECT_CONVERSION = YES_AGGRESSIVE;
				CLANG_CXX_LANGUAGE_STANDARD = "gnu++0x";
				CLANG_CXX_LIBRARY = "libc++";
				CLANG_ENABLE_MODULES = YES;
				CLANG_ENABLE_OBJC_ARC = YES;
				CLANG_WARN_BOOL_CONVERSION = YES;
				CLANG_WARN_CONSTANT_CONVERSION = YES;
				CLANG_WARN_DIRECT_OBJC_ISA_USAGE = YES_ERROR;
				CLANG_WARN_DOCUMENTATION_COMMENTS = YES;
				CLANG_WARN_EMPTY_BODY = YES;
				CLANG_WARN_ENUM_CONVERSION = YES;
				CLANG_WARN_INFINITE_RECURSION = YES;
				CLANG_WARN_INT_CONVERSION = YES;
				CLANG_WARN_OBJC_ROOT_CLASS = YES_ERROR;
				CLANG_WARN_SUSPICIOUS_MOVE = YES;
				CLANG_WARN_UNREACHABLE_CODE = YES;
				CLANG_WARN__DUPLICATE_METHOD_MATCH = YES;
				"CODE_SIGN_IDENTITY[sdk=iphoneos*]" = "iPhone Developer";
				COPY_PHASE_STRIP = NO;
				DEBUG_INFORMATION_FORMAT = "dwarf-with-dsym";
				ENABLE_NS_ASSERTIONS = NO;
				ENABLE_STRICT_OBJC_MSGSEND = YES;
				GCC_C_LANGUAGE_STANDARD = gnu99;
				GCC_NO_COMMON_BLOCKS = YES;
				GCC_WARN_64_TO_32_BIT_CONVERSION = YES;
				GCC_WARN_ABOUT_RETURN_TYPE = YES_ERROR;
				GCC_WARN_UNDECLARED_SELECTOR = YES;
				GCC_WARN_UNINITIALIZED_AUTOS = YES_AGGRESSIVE;
				GCC_WARN_UNUSED_FUNCTION = YES;
				GCC_WARN_UNUSED_VARIABLE = YES;
				IPHONEOS_DEPLOYMENT_TARGET = 10.3;
				MTL_ENABLE_DEBUG_INFO = NO;
				SDKROOT = iphoneos;
				VALIDATE_PRODUCT = YES;
			};
			name = Release;
		};
		8BEA04911EEE49B3006E81CF /* Debug */ = {
			isa = XCBuildConfiguration;
			baseConfigurationReference = 385BD321930BE8DB64968252 /* Pods-Follow.debug.xcconfig */;
			buildSettings = {
				ASSETCATALOG_COMPILER_APPICON_NAME = AppIcon;
				DEVELOPMENT_TEAM = 5F546K9NYZ;
				INFOPLIST_FILE = Follow/Info.plist;
				IPHONEOS_DEPLOYMENT_TARGET = 9.0;
				LD_RUNPATH_SEARCH_PATHS = "$(inherited) @executable_path/Frameworks";
				PRODUCT_BUNDLE_IDENTIFIER = com.rflpz.Follow;
				PRODUCT_NAME = "$(TARGET_NAME)";
			};
			name = Debug;
		};
		8BEA04921EEE49B3006E81CF /* Release */ = {
			isa = XCBuildConfiguration;
			baseConfigurationReference = BDEFC4836C805987A574B250 /* Pods-Follow.release.xcconfig */;
			buildSettings = {
				ASSETCATALOG_COMPILER_APPICON_NAME = AppIcon;
				DEVELOPMENT_TEAM = 5F546K9NYZ;
				INFOPLIST_FILE = Follow/Info.plist;
				IPHONEOS_DEPLOYMENT_TARGET = 9.0;
				LD_RUNPATH_SEARCH_PATHS = "$(inherited) @executable_path/Frameworks";
				PRODUCT_BUNDLE_IDENTIFIER = com.rflpz.Follow;
				PRODUCT_NAME = "$(TARGET_NAME)";
			};
			name = Release;
		};
/* End XCBuildConfiguration section */

/* Begin XCConfigurationList section */
		8BEA047A1EEE49B3006E81CF /* Build configuration list for PBXProject "Follow" */ = {
			isa = XCConfigurationList;
			buildConfigurations = (
				8BEA048E1EEE49B3006E81CF /* Debug */,
				8BEA048F1EEE49B3006E81CF /* Release */,
			);
			defaultConfigurationIsVisible = 0;
			defaultConfigurationName = Release;
		};
		8BEA04901EEE49B3006E81CF /* Build configuration list for PBXNativeTarget "Follow" */ = {
			isa = XCConfigurationList;
			buildConfigurations = (
				8BEA04911EEE49B3006E81CF /* Debug */,
				8BEA04921EEE49B3006E81CF /* Release */,
			);
			defaultConfigurationIsVisible = 0;
			defaultConfigurationName = Release;
		};
/* End XCConfigurationList section */
	};
	rootObject = 8BEA04771EEE49B3006E81CF /* Project object */;
}
